
Microsoft Visual Studio Solution File, Format Version 12.00
# Visual Studio Version 17
VisualStudioVersion = 17.9.34723.18
MinimumVisualStudioVersion = 10.0.40219.1
Project("{9A19103F-16F7-4668-BE54-9A1E7A4F7556}") = "vmt-project", "vmt-project\vmt-project.csproj", "{60E40502-6712-4F5B-9F36-EC9824C81E20}"
EndProject
Project("{9A19103F-16F7-4668-BE54-9A1E7A4F7556}") = "vmt-project.services", "vmt-project.services\vmt-project.services.csproj", "{B9693CA0-8929-481E-AA43-BDB187BE5E90}"
EndProject
Project("{9A19103F-16F7-4668-BE54-9A1E7A4F7556}") = "vmt-project.dal", "vmt-project.dal\vmt-project.dal.csproj", "{AEEF9FA5-0D61-4E18-9276-966C0E337497}"
EndProject
Project("{9A19103F-16F7-4668-BE54-9A1E7A4F7556}") = "vmt-project.common", "vmt-project.common\vmt-project.common.csproj", "{88C586D9-9570-4512-BAD5-51BE6ED38B37}"
EndProject
Project("{9A19103F-16F7-4668-BE54-9A1E7A4F7556}") = "vmt-project.models", "vmt-project.models\vmt-project.models.csproj", "{8EE0671F-EA50-4861-8012-A95306FBF86C}"
EndProject
Global
	GlobalSection(SolutionConfigurationPlatforms) = preSolution
		Debug|Any CPU = Debug|Any CPU
		Release|Any CPU = Release|Any CPU
	EndGlobalSection
	GlobalSection(ProjectConfigurationPlatforms) = postSolution
		{60E40502-6712-4F5B-9F36-EC9824C81E20}.Debug|Any CPU.ActiveCfg = Debug|Any CPU
		{60E40502-6712-4F5B-9F36-EC9824C81E20}.Debug|Any CPU.Build.0 = Debug|Any CPU
		{60E40502-6712-4F5B-9F36-EC9824C81E20}.Release|Any CPU.ActiveCfg = Release|Any CPU
		{60E40502-6712-4F5B-9F36-EC9824C81E20}.Release|Any CPU.Build.0 = Release|Any CPU
		{B9693CA0-8929-481E-AA43-BDB187BE5E90}.Debug|Any CPU.ActiveCfg = Debug|Any CPU
		{B9693CA0-8929-481E-AA43-BDB187BE5E90}.Debug|Any CPU.Build.0 = Debug|Any CPU
		{B9693CA0-8929-481E-AA43-BDB187BE5E90}.Release|Any CPU.ActiveCfg = Release|Any CPU
		{B9693CA0-8929-481E-AA43-BDB187BE5E90}.Release|Any CPU.Build.0 = Release|Any CPU
		{AEEF9FA5-0D61-4E18-9276-966C0E337497}.Debug|Any CPU.ActiveCfg = Debug|Any CPU
		{AEEF9FA5-0D61-4E18-9276-966C0E337497}.Debug|Any CPU.Build.0 = Debug|Any CPU
		{AEEF9FA5-0D61-4E18-9276-966C0E337497}.Release|Any CPU.ActiveCfg = Release|Any CPU
		{AEEF9FA5-0D61-4E18-9276-966C0E337497}.Release|Any CPU.Build.0 = Release|Any CPU
		{88C586D9-9570-4512-BAD5-51BE6ED38B37}.Debug|Any CPU.ActiveCfg = Debug|Any CPU
		{88C586D9-9570-4512-BAD5-51BE6ED38B37}.Debug|Any CPU.Build.0 = Debug|Any CPU
		{88C586D9-9570-4512-BAD5-51BE6ED38B37}.Release|Any CPU.ActiveCfg = Release|Any CPU
		{88C586D9-9570-4512-BAD5-51BE6ED38B37}.Release|Any CPU.Build.0 = Release|Any CPU
		{8EE0671F-EA50-4861-8012-A95306FBF86C}.Debug|Any CPU.ActiveCfg = Debug|Any CPU
		{8EE0671F-EA50-4861-8012-A95306FBF86C}.Debug|Any CPU.Build.0 = Debug|Any CPU
		{8EE0671F-EA50-4861-8012-A95306FBF86C}.Release|Any CPU.ActiveCfg = Release|Any CPU
		{8EE0671F-EA50-4861-8012-A95306FBF86C}.Release|Any CPU.Build.0 = Release|Any CPU
	EndGlobalSection
	GlobalSection(SolutionProperties) = preSolution
		HideSolutionNode = FALSE
	EndGlobalSection
	GlobalSection(ExtensibilityGlobals) = postSolution
		SolutionGuid = {A12A497C-CC9E-4BB2-9651-D2217E558058}
	EndGlobalSection
EndGlobal
